
Microsoft Visual Studio Solution File, Format Version 12.00
# Visual Studio Version 16
VisualStudioVersion = 16.0.31205.134
MinimumVisualStudioVersion = 10.0.40219.1
Project("{FAE04EC0-301F-11D3-BF4B-00C04F79EFBC}") = "Core", "Core\Core.csproj", "{AD8B1433-F994-495D-B629-1DFFFE63FFD0}"
EndProject
Project("{FAE04EC0-301F-11D3-BF4B-00C04F79EFBC}") = "DertOrtagim.Business", "DertOrtagim.Business\DertOrtagim.Business.csproj", "{3F3ACE40-D1BE-4D66-8A61-7B676DCD31C2}"
EndProject
Project("{FAE04EC0-301F-11D3-BF4B-00C04F79EFBC}") = "DertOrtagim.Entities", "DertOrtagim.Entities\DertOrtagim.Entities.csproj", "{74B78B69-CC56-4C24-BA8C-41A7ACA6EBBC}"
EndProject
Project("{FAE04EC0-301F-11D3-BF4B-00C04F79EFBC}") = "DertOrtagim.DataAccess", "DertOrtagim.DataAccess\DertOrtagim.DataAccess.csproj", "{4F34200E-D889-433E-AC9A-28975F879362}"
EndProject
Project("{FAE04EC0-301F-11D3-BF4B-00C04F79EFBC}") = "DertOrtagim.WebAPI", "DertOrtagim.WebAPI\DertOrtagim.WebAPI.csproj", "{655DBB47-71FD-4E61-B9C4-A1BBE505A916}"
EndProject
Global
	GlobalSection(SolutionConfigurationPlatforms) = preSolution
		Debug|Any CPU = Debug|Any CPU
		Release|Any CPU = Release|Any CPU
	EndGlobalSection
	GlobalSection(ProjectConfigurationPlatforms) = postSolution
		{AD8B1433-F994-495D-B629-1DFFFE63FFD0}.Debug|Any CPU.ActiveCfg = Debug|Any CPU
		{AD8B1433-F994-495D-B629-1DFFFE63FFD0}.Debug|Any CPU.Build.0 = Debug|Any CPU
		{AD8B1433-F994-495D-B629-1DFFFE63FFD0}.Release|Any CPU.ActiveCfg = Release|Any CPU
		{AD8B1433-F994-495D-B629-1DFFFE63FFD0}.Release|Any CPU.Build.0 = Release|Any CPU
		{3F3ACE40-D1BE-4D66-8A61-7B676DCD31C2}.Debug|Any CPU.ActiveCfg = Debug|Any CPU
		{3F3ACE40-D1BE-4D66-8A61-7B676DCD31C2}.Debug|Any CPU.Build.0 = Debug|Any CPU
		{3F3ACE40-D1BE-4D66-8A61-7B676DCD31C2}.Release|Any CPU.ActiveCfg = Release|Any CPU
		{3F3ACE40-D1BE-4D66-8A61-7B676DCD31C2}.Release|Any CPU.Build.0 = Release|Any CPU
		{74B78B69-CC56-4C24-BA8C-41A7ACA6EBBC}.Debug|Any CPU.ActiveCfg = Debug|Any CPU
		{74B78B69-CC56-4C24-BA8C-41A7ACA6EBBC}.Debug|Any CPU.Build.0 = Debug|Any CPU
		{74B78B69-CC56-4C24-BA8C-41A7ACA6EBBC}.Release|Any CPU.ActiveCfg = Release|Any CPU
		{74B78B69-CC56-4C24-BA8C-41A7ACA6EBBC}.Release|Any CPU.Build.0 = Release|Any CPU
		{4F34200E-D889-433E-AC9A-28975F879362}.Debug|Any CPU.ActiveCfg = Debug|Any CPU
		{4F34200E-D889-433E-AC9A-28975F879362}.Debug|Any CPU.Build.0 = Debug|Any CPU
		{4F34200E-D889-433E-AC9A-28975F879362}.Release|Any CPU.ActiveCfg = Release|Any CPU
		{4F34200E-D889-433E-AC9A-28975F879362}.Release|Any CPU.Build.0 = Release|Any CPU
		{655DBB47-71FD-4E61-B9C4-A1BBE505A916}.Debug|Any CPU.ActiveCfg = Debug|Any CPU
		{655DBB47-71FD-4E61-B9C4-A1BBE505A916}.Debug|Any CPU.Build.0 = Debug|Any CPU
		{655DBB47-71FD-4E61-B9C4-A1BBE505A916}.Release|Any CPU.ActiveCfg = Release|Any CPU
		{655DBB47-71FD-4E61-B9C4-A1BBE505A916}.Release|Any CPU.Build.0 = Release|Any CPU
	EndGlobalSection
	GlobalSection(SolutionProperties) = preSolution
		HideSolutionNode = FALSE
	EndGlobalSection
	GlobalSection(ExtensibilityGlobals) = postSolution
		SolutionGuid = {36C1B427-74BE-434F-98D6-2074DFECBB7A}
	EndGlobalSection
EndGlobal
